
Microsoft Visual Studio Solution File, Format Version 10.00
# Visual Studio 2008
Project("{FAE04EC0-301F-11D3-BF4B-00C04F79EFBC}") = "Application_Anbar", "Application_Anbar\Application_Anbar.csproj", "{B9913B30-2F9F-4617-ACF4-A508F0C4280F}"
EndProject
Global
	GlobalSection(SolutionConfigurationPlatforms) = preSolution
		Debug|Any CPU = Debug|Any CPU
		Release|Any CPU = Release|Any CPU
	EndGlobalSection
	GlobalSection(ProjectConfigurationPlatforms) = postSolution
		{B9913B30-2F9F-4617-ACF4-A508F0C4280F}.Debug|Any CPU.ActiveCfg = Debug|Any CPU
		{B9913B30-2F9F-4617-ACF4-A508F0C4280F}.Debug|Any CPU.Build.0 = Debug|Any CPU
		{B9913B30-2F9F-4617-ACF4-A508F0C4280F}.Release|Any CPU.ActiveCfg = Release|Any CPU
		{B9913B30-2F9F-4617-ACF4-A508F0C4280F}.Release|Any CPU.Build.0 = Release|Any CPU
	EndGlobalSection
	GlobalSection(SolutionProperties) = preSolution
		HideSolutionNode = FALSE
	EndGlobalSection
EndGlobal
